
Microsoft Visual Studio Solution File, Format Version 12.00
Project("{FAE04EC0-301F-11D3-BF4B-00C04F79EFBC}") = "goss-checks", "goss-checks\goss-checks.csproj", "{444A7B62-0EDC-4464-843D-F25EC0EA08F1}"
EndProject
Project("{2150E333-8FDC-42A3-9474-1A3956D46DE8}") = "docker-compose", "docker-compose", "{9EEC8D92-CA8A-4F5D-980F-E731722567A2}"
	ProjectSection(SolutionItems) = preProject
		docker-compose.yml = docker-compose.yml
	EndProjectSection
EndProject
Global
	GlobalSection(SolutionConfigurationPlatforms) = preSolution
		Debug|Any CPU = Debug|Any CPU
		Release|Any CPU = Release|Any CPU
	EndGlobalSection
	GlobalSection(ProjectConfigurationPlatforms) = postSolution
		{444A7B62-0EDC-4464-843D-F25EC0EA08F1}.Debug|Any CPU.ActiveCfg = Debug|Any CPU
		{444A7B62-0EDC-4464-843D-F25EC0EA08F1}.Debug|Any CPU.Build.0 = Debug|Any CPU
		{444A7B62-0EDC-4464-843D-F25EC0EA08F1}.Release|Any CPU.ActiveCfg = Release|Any CPU
		{444A7B62-0EDC-4464-843D-F25EC0EA08F1}.Release|Any CPU.Build.0 = Release|Any CPU
	EndGlobalSection
EndGlobal
